
Microsoft Visual Studio Solution File, Format Version 12.00
# Visual Studio Version 17
VisualStudioVersion = 17.2.32526.322
MinimumVisualStudioVersion = 10.0.40219.1
Project("{FAE04EC0-301F-11D3-BF4B-00C04F79EFBC}") = "WebApplicationE_commerce", "WebApplicationE_commerce\WebApplicationE_commerce.csproj", "{2986F653-D2CE-4507-A5D2-9E8B820ACBA7}"
EndProject
Global
	GlobalSection(SolutionConfigurationPlatforms) = preSolution
		Debug|Any CPU = Debug|Any CPU
		Release|Any CPU = Release|Any CPU
	EndGlobalSection
	GlobalSection(ProjectConfigurationPlatforms) = postSolution
		{2986F653-D2CE-4507-A5D2-9E8B820ACBA7}.Debug|Any CPU.ActiveCfg = Debug|Any CPU
		{2986F653-D2CE-4507-A5D2-9E8B820ACBA7}.Debug|Any CPU.Build.0 = Debug|Any CPU
		{2986F653-D2CE-4507-A5D2-9E8B820ACBA7}.Release|Any CPU.ActiveCfg = Release|Any CPU
		{2986F653-D2CE-4507-A5D2-9E8B820ACBA7}.Release|Any CPU.Build.0 = Release|Any CPU
	EndGlobalSection
	GlobalSection(SolutionProperties) = preSolution
		HideSolutionNode = FALSE
	EndGlobalSection
	GlobalSection(ExtensibilityGlobals) = postSolution
		SolutionGuid = {A8548104-FCB9-4793-B0DB-CA753DCF8726}
	EndGlobalSection
EndGlobal
